
Microsoft Visual Studio Solution File, Format Version 12.00
# Visual Studio Version 17
VisualStudioVersion = 17.8.34309.116
MinimumVisualStudioVersion = 15.0.26124.0
Project("{2150E333-8FDC-42A3-9474-1A3956D46DE8}") = "Solution Items", "Solution Items", "{5E1A6664-1CFA-44DD-A132-524337B74845}"
	ProjectSection(SolutionItems) = preProject
		.editorconfig = .editorconfig
		Directory.Build.props = Directory.Build.props
		Directory.Build.targets = Directory.Build.targets
		..\README.md = ..\README.md
	EndProjectSection
EndProject
Project("{9A19103F-16F7-4668-BE54-9A1E7A4F7556}") = "Singulink.Numerics.BigDecimal", "Singulink.Numerics.BigDecimal\Singulink.Numerics.BigDecimal.csproj", "{F97DD23B-BDDE-4D18-A38D-6D34AF87A7BF}"
EndProject
Project("{2150E333-8FDC-42A3-9474-1A3956D46DE8}") = "Tests", "Tests", "{BFF58257-7C21-4F5C-84D1-80E07B8AB8CD}"
EndProject
Project("{9A19103F-16F7-4668-BE54-9A1E7A4F7556}") = "Singulink.Numerics.BigDecimal.Tests", "Singulink.Numerics.BigDecimal.Tests\Singulink.Numerics.BigDecimal.Tests.csproj", "{45D09D15-3C40-44CF-BCDD-52AC75A22FE6}"
EndProject
Global
	GlobalSection(SolutionConfigurationPlatforms) = preSolution
		Debug|Any CPU = Debug|Any CPU
		Debug|x64 = Debug|x64
		Debug|x86 = Debug|x86
		Release|Any CPU = Release|Any CPU
		Release|x64 = Release|x64
		Release|x86 = Release|x86
	EndGlobalSection
	GlobalSection(ProjectConfigurationPlatforms) = postSolution
		{F97DD23B-BDDE-4D18-A38D-6D34AF87A7BF}.Debug|Any CPU.ActiveCfg = Debug|Any CPU
		{F97DD23B-BDDE-4D18-A38D-6D34AF87A7BF}.Debug|Any CPU.Build.0 = Debug|Any CPU
		{F97DD23B-BDDE-4D18-A38D-6D34AF87A7BF}.Debug|x64.ActiveCfg = Debug|Any CPU
		{F97DD23B-BDDE-4D18-A38D-6D34AF87A7BF}.Debug|x64.Build.0 = Debug|Any CPU
		{F97DD23B-BDDE-4D18-A38D-6D34AF87A7BF}.Debug|x86.ActiveCfg = Debug|Any CPU
		{F97DD23B-BDDE-4D18-A38D-6D34AF87A7BF}.Debug|x86.Build.0 = Debug|Any CPU
		{F97DD23B-BDDE-4D18-A38D-6D34AF87A7BF}.Release|Any CPU.ActiveCfg = Release|Any CPU
		{F97DD23B-BDDE-4D18-A38D-6D34AF87A7BF}.Release|Any CPU.Build.0 = Release|Any CPU
		{F97DD23B-BDDE-4D18-A38D-6D34AF87A7BF}.Release|x64.ActiveCfg = Release|Any CPU
		{F97DD23B-BDDE-4D18-A38D-6D34AF87A7BF}.Release|x64.Build.0 = Release|Any CPU
		{F97DD23B-BDDE-4D18-A38D-6D34AF87A7BF}.Release|x86.ActiveCfg = Release|Any CPU
		{F97DD23B-BDDE-4D18-A38D-6D34AF87A7BF}.Release|x86.Build.0 = Release|Any CPU
		{45D09D15-3C40-44CF-BCDD-52AC75A22FE6}.Debug|Any CPU.ActiveCfg = Debug|Any CPU
		{45D09D15-3C40-44CF-BCDD-52AC75A22FE6}.Debug|Any CPU.Build.0 = Debug|Any CPU
		{45D09D15-3C40-44CF-BCDD-52AC75A22FE6}.Debug|x64.ActiveCfg = Debug|Any CPU
		{45D09D15-3C40-44CF-BCDD-52AC75A22FE6}.Debug|x64.Build.0 = Debug|Any CPU
		{45D09D15-3C40-44CF-BCDD-52AC75A22FE6}.Debug|x86.ActiveCfg = Debug|Any CPU
		{45D09D15-3C40-44CF-BCDD-52AC75A22FE6}.Debug|x86.Build.0 = Debug|Any CPU
		{45D09D15-3C40-44CF-BCDD-52AC75A22FE6}.Release|Any CPU.ActiveCfg = Release|Any CPU
		{45D09D15-3C40-44CF-BCDD-52AC75A22FE6}.Release|Any CPU.Build.0 = Release|Any CPU
		{45D09D15-3C40-44CF-BCDD-52AC75A22FE6}.Release|x64.ActiveCfg = Release|Any CPU
		{45D09D15-3C40-44CF-BCDD-52AC75A22FE6}.Release|x64.Build.0 = Release|Any CPU
		{45D09D15-3C40-44CF-BCDD-52AC75A22FE6}.Release|x86.ActiveCfg = Release|Any CPU
		{45D09D15-3C40-44CF-BCDD-52AC75A22FE6}.Release|x86.Build.0 = Release|Any CPU
	EndGlobalSection
	GlobalSection(SolutionProperties) = preSolution
		HideSolutionNode = FALSE
	EndGlobalSection
	GlobalSection(NestedProjects) = preSolution
		{45D09D15-3C40-44CF-BCDD-52AC75A22FE6} = {BFF58257-7C21-4F5C-84D1-80E07B8AB8CD}
	EndGlobalSection
	GlobalSection(ExtensibilityGlobals) = postSolution
		SolutionGuid = {8D945EE2-B1AC-4666-BC91-156394840F36}
	EndGlobalSection
EndGlobal
